// !$*UTF8*$!
{
	archiveVersion = 1;
	classes = {
	};
	objectVersion = 48;
	objects = {

/* Begin PBXBuildFile section */
		E9CD4D6021B7238700D2D89F /* DiscoverViewController.swift in Sources */ = {isa = PBXBuildFile; fileRef = E9CD4D5F21B7238700D2D89F /* DiscoverViewController.swift */; };
		E9CD4D6221B7283B00D2D89F /* DetailsViewController.swift in Sources */ = {isa = PBXBuildFile; fileRef = E9CD4D6121B7283B00D2D89F /* DetailsViewController.swift */; };
		E9E6384521BE066A008559B2 /* inputFile.txt in Resources */ = {isa = PBXBuildFile; fileRef = E9E6384421BE066A008559B2 /* inputFile.txt */; };
		E9E6384721BE0F4A008559B2 /* inputFile2.txt in Resources */ = {isa = PBXBuildFile; fileRef = E9E6384621BE0F4A008559B2 /* inputFile2.txt */; };
		E9F877ED21BCBBE70096646B /* Location.swift in Sources */ = {isa = PBXBuildFile; fileRef = E9F877EC21BCBBE70096646B /* Location.swift */; };
		F80F40A221A5173D00D166CB /* AppDelegate.swift in Sources */ = {isa = PBXBuildFile; fileRef = F80F40A121A5173D00D166CB /* AppDelegate.swift */; };
		F80F40A421A5173D00D166CB /* ViewController.swift in Sources */ = {isa = PBXBuildFile; fileRef = F80F40A321A5173D00D166CB /* ViewController.swift */; };
		F80F40A721A5173D00D166CB /* Main.storyboard in Resources */ = {isa = PBXBuildFile; fileRef = F80F40A521A5173D00D166CB /* Main.storyboard */; };
		F80F40A921A5173D00D166CB /* Assets.xcassets in Resources */ = {isa = PBXBuildFile; fileRef = F80F40A821A5173D00D166CB /* Assets.xcassets */; };
		F80F40AC21A5173D00D166CB /* LaunchScreen.storyboard in Resources */ = {isa = PBXBuildFile; fileRef = F80F40AA21A5173D00D166CB /* LaunchScreen.storyboard */; };
/* End PBXBuildFile section */

/* Begin PBXFileReference section */
		E9CD4D5F21B7238700D2D89F /* DiscoverViewController.swift */ = {isa = PBXFileReference; lastKnownFileType = sourcecode.swift; path = DiscoverViewController.swift; sourceTree = "<group>"; };
		E9CD4D6121B7283B00D2D89F /* DetailsViewController.swift */ = {isa = PBXFileReference; lastKnownFileType = sourcecode.swift; path = DetailsViewController.swift; sourceTree = "<group>"; };
		E9E6384421BE066A008559B2 /* inputFile.txt */ = {isa = PBXFileReference; fileEncoding = 4; lastKnownFileType = text; name = inputFile.txt; path = ../../../Desktop/inputFile.txt; sourceTree = "<group>"; };
		E9E6384621BE0F4A008559B2 /* inputFile2.txt */ = {isa = PBXFileReference; lastKnownFileType = text; path = inputFile2.txt; sourceTree = "<group>"; };
		E9F877EC21BCBBE70096646B /* Location.swift */ = {isa = PBXFileReference; lastKnownFileType = sourcecode.swift; path = Location.swift; sourceTree = "<group>"; };
		F80F409E21A5173D00D166CB /* LandmarkNY.app */ = {isa = PBXFileReference; explicitFileType = wrapper.application; includeInIndex = 0; path = LandmarkNY.app; sourceTree = BUILT_PRODUCTS_DIR; };
		F80F40A121A5173D00D166CB /* AppDelegate.swift */ = {isa = PBXFileReference; lastKnownFileType = sourcecode.swift; path = AppDelegate.swift; sourceTree = "<group>"; };
		F80F40A321A5173D00D166CB /* ViewController.swift */ = {isa = PBXFileReference; lastKnownFileType = sourcecode.swift; path = ViewController.swift; sourceTree = "<group>"; };
		F80F40A621A5173D00D166CB /* Base */ = {isa = PBXFileReference; lastKnownFileType = file.storyboard; name = Base; path = Base.lproj/Main.storyboard; sourceTree = "<group>"; };
		F80F40A821A5173D00D166CB /* Assets.xcassets */ = {isa = PBXFileReference; lastKnownFileType = folder.assetcatalog; path = Assets.xcassets; sourceTree = "<group>"; };
		F80F40AB21A5173D00D166CB /* Base */ = {isa = PBXFileReference; lastKnownFileType = file.storyboard; name = Base; path = Base.lproj/LaunchScreen.storyboard; sourceTree = "<group>"; };
		F80F40AD21A5173D00D166CB /* Info.plist */ = {isa = PBXFileReference; lastKnownFileType = text.plist.xml; path = Info.plist; sourceTree = "<group>"; };
/* End PBXFileReference section */

/* Begin PBXFrameworksBuildPhase section */
		F80F409B21A5173D00D166CB /* Frameworks */ = {
			isa = PBXFrameworksBuildPhase;
			buildActionMask = 2147483647;
			files = (
			);
			runOnlyForDeploymentPostprocessing = 0;
		};
/* End PBXFrameworksBuildPhase section */

/* Begin PBXGroup section */
		F80F409521A5173D00D166CB = {
			isa = PBXGroup;
			children = (
				F80F40A021A5173D00D166CB /* LandmarkNY */,
				F80F409F21A5173D00D166CB /* Products */,
			);
			sourceTree = "<group>";
		};
		F80F409F21A5173D00D166CB /* Products */ = {
			isa = PBXGroup;
			children = (
				F80F409E21A5173D00D166CB /* LandmarkNY.app */,
			);
			name = Products;
			sourceTree = "<group>";
		};
		F80F40A021A5173D00D166CB /* LandmarkNY */ = {
			isa = PBXGroup;
			children = (
				E9E6384421BE066A008559B2 /* inputFile.txt */,
				F80F40A121A5173D00D166CB /* AppDelegate.swift */,
				F80F40A321A5173D00D166CB /* ViewController.swift */,
				F80F40A521A5173D00D166CB /* Main.storyboard */,
				E9F877EC21BCBBE70096646B /* Location.swift */,
				E9CD4D6121B7283B00D2D89F /* DetailsViewController.swift */,
				E9E6384621BE0F4A008559B2 /* inputFile2.txt */,
				E9CD4D5F21B7238700D2D89F /* DiscoverViewController.swift */,
				F80F40A821A5173D00D166CB /* Assets.xcassets */,
				F80F40AA21A5173D00D166CB /* LaunchScreen.storyboard */,
				F80F40AD21A5173D00D166CB /* Info.plist */,
			);
			path = LandmarkNY;
			sourceTree = "<group>";
		};
/* End PBXGroup section */

/* Begin PBXNativeTarget section */
		F80F409D21A5173D00D166CB /* LandmarkNY */ = {
			isa = PBXNativeTarget;
			buildConfigurationList = F80F40B021A5173D00D166CB /* Build configuration list for PBXNativeTarget "LandmarkNY" */;
			buildPhases = (
				F80F409A21A5173D00D166CB /* Sources */,
				F80F409B21A5173D00D166CB /* Frameworks */,
				F80F409C21A5173D00D166CB /* Resources */,
			);
			buildRules = (
			);
			dependencies = (
			);
			name = LandmarkNY;
			productName = LandmarkNY;
			productReference = F80F409E21A5173D00D166CB /* LandmarkNY.app */;
			productType = "com.apple.product-type.application";
		};
/* End PBXNativeTarget section */

/* Begin PBXProject section */
		F80F409621A5173D00D166CB /* Project object */ = {
			isa = PBXProject;
			attributes = {
				LastSwiftUpdateCheck = 0920;
				LastUpgradeCheck = 0920;
				ORGANIZATIONNAME = nyu.edu;
				TargetAttributes = {
					F80F409D21A5173D00D166CB = {
						CreatedOnToolsVersion = 9.2;
						LastSwiftMigration = 1010;
						ProvisioningStyle = Automatic;
					};
				};
			};
			buildConfigurationList = F80F409921A5173D00D166CB /* Build configuration list for PBXProject "LandmarkNY" */;
			compatibilityVersion = "Xcode 8.0";
			developmentRegion = en;
			hasScannedForEncodings = 0;
			knownRegions = (
				en,
				Base,
			);
			mainGroup = F80F409521A5173D00D166CB;
			productRefGroup = F80F409F21A5173D00D166CB /* Products */;
			projectDirPath = "";
			projectRoot = "";
			targets = (
				F80F409D21A5173D00D166CB /* LandmarkNY */,
			);
		};
/* End PBXProject section */

/* Begin PBXResourcesBuildPhase section */
		F80F409C21A5173D00D166CB /* Resources */ = {
			isa = PBXResourcesBuildPhase;
			buildActionMask = 2147483647;
			files = (
				F80F40AC21A5173D00D166CB /* LaunchScreen.storyboard in Resources */,
				F80F40A921A5173D00D166CB /* Assets.xcassets in Resources */,
				F80F40A721A5173D00D166CB /* Main.storyboard in Resources */,
				E9E6384521BE066A008559B2 /* inputFile.txt in Resources */,
				E9E6384721BE0F4A008559B2 /* inputFile2.txt in Resources */,
			);
			runOnlyForDeploymentPostprocessing = 0;
		};
/* End PBXResourcesBuildPhase section */

/* Begin PBXSourcesBuildPhase section */
		F80F409A21A5173D00D166CB /* Sources */ = {
			isa = PBXSourcesBuildPhase;
			buildActionMask = 2147483647;
			files = (
				E9CD4D6021B7238700D2D89F /* DiscoverViewController.swift in Sources */,
				F80F40A421A5173D00D166CB /* ViewController.swift in Sources */,
				E9F877ED21BCBBE70096646B /* Location.swift in Sources */,
				F80F40A221A5173D00D166CB /* AppDelegate.swift in Sources */,
				E9CD4D6221B7283B00D2D89F /* DetailsViewController.swift in Sources */,
			);
			runOnlyForDeploymentPostprocessing = 0;
		};
/* End PBXSourcesBuildPhase section */

/* Begin PBXVariantGroup section */
		F80F40A521A5173D00D166CB /* Main.storyboard */ = {
			isa = PBXVariantGroup;
			children = (
				F80F40A621A5173D00D166CB /* Base */,
			);
			name = Main.storyboard;
			sourceTree = "<group>";
		};
		F80F40AA21A5173D00D166CB /* LaunchScreen.storyboard */ = {
			isa = PBXVariantGroup;
			children = (
				F80F40AB21A5173D00D166CB /* Base */,
			);
			name = LaunchScreen.storyboard;
			sourceTree = "<group>";
		};
/* End PBXVariantGroup section */

/* Begin XCBuildConfiguration section */
		F80F40AE21A5173D00D166CB /* Debug */ = {
			isa = XCBuildConfiguration;
			buildSettings = {
				ALWAYS_SEARCH_USER_PATHS = NO;
				CLANG_ANALYZER_NONNULL = YES;
				CLANG_ANALYZER_NUMBER_OBJECT_CONVERSION = YES_AGGRESSIVE;
				CLANG_CXX_LANGUAGE_STANDARD = "gnu++14";
				CLANG_CXX_LIBRARY = "libc++";
				CLANG_ENABLE_MODULES = YES;
				CLANG_ENABLE_OBJC_ARC = YES;
				CLANG_WARN_BLOCK_CAPTURE_AUTORELEASING = YES;
				CLANG_WARN_BOOL_CONVERSION = YES;
				CLANG_WARN_COMMA = YES;
				CLANG_WARN_CONSTANT_CONVERSION = YES;
				CLANG_WARN_DIRECT_OBJC_ISA_USAGE = YES_ERROR;
				CLANG_WARN_DOCUMENTATION_COMMENTS = YES;
				CLANG_WARN_EMPTY_BODY = YES;
				CLANG_WARN_ENUM_CONVERSION = YES;
				CLANG_WARN_INFINITE_RECURSION = YES;
				CLANG_WARN_INT_CONVERSION = YES;
				CLANG_WARN_NON_LITERAL_NULL_CONVERSION = YES;
				CLANG_WARN_OBJC_LITERAL_CONVERSION = YES;
				CLANG_WARN_OBJC_ROOT_CLASS = YES_ERROR;
				CLANG_WARN_RANGE_LOOP_ANALYSIS = YES;
				CLANG_WARN_STRICT_PROTOTYPES = YES;
				CLANG_WARN_SUSPICIOUS_MOVE = YES;
				CLANG_WARN_UNGUARDED_AVAILABILITY = YES_AGGRESSIVE;
				CLANG_WARN_UNREACHABLE_CODE = YES;
				CLANG_WARN__DUPLICATE_METHOD_MATCH = YES;
				CODE_SIGN_IDENTITY = "iPhone Developer";
				COPY_PHASE_STRIP = NO;
				DEBUG_INFORMATION_FORMAT = dwarf;
				ENABLE_STRICT_OBJC_MSGSEND = YES;
				ENABLE_TESTABILITY = YES;
				GCC_C_LANGUAGE_STANDARD = gnu11;
				GCC_DYNAMIC_NO_PIC = NO;
				GCC_NO_COMMON_BLOCKS = YES;
				GCC_OPTIMIZATION_LEVEL = 0;
				GCC_PREPROCESSOR_DEFINITIONS = (
					"DEBUG=1",
					"$(inherited)",
				);
				GCC_WARN_64_TO_32_BIT_CONVERSION = YES;
				GCC_WARN_ABOUT_RETURN_TYPE = YES_ERROR;
				GCC_WARN_UNDECLARED_SELECTOR = YES;
				GCC_WARN_UNINITIALIZED_AUTOS = YES_AGGRESSIVE;
				GCC_WARN_UNUSED_FUNCTION = YES;
				GCC_WARN_UNUSED_VARIABLE = YES;
				IPHONEOS_DEPLOYMENT_TARGET = 11.2;
				MTL_ENABLE_DEBUG_INFO = YES;
				ONLY_ACTIVE_ARCH = YES;
				SDKROOT = iphoneos;
				SWIFT_ACTIVE_COMPILATION_CONDITIONS = DEBUG;
				SWIFT_OPTIMIZATION_LEVEL = "-Onone";
			};
			name = Debug;
		};
		F80F40AF21A5173D00D166CB /* Release */ = {
			isa = XCBuildConfiguration;
			buildSettings = {
				ALWAYS_SEARCH_USER_PATHS = NO;
				CLANG_ANALYZER_NONNULL = YES;
				CLANG_ANALYZER_NUMBER_OBJECT_CONVERSION = YES_AGGRESSIVE;
				CLANG_CXX_LANGUAGE_STANDARD = "gnu++14";
				CLANG_CXX_LIBRARY = "libc++";
				CLANG_ENABLE_MODULES = YES;
				CLANG_ENABLE_OBJC_ARC = YES;
				CLANG_WARN_BLOCK_CAPTURE_AUTORELEASING = YES;
				CLANG_WARN_BOOL_CONVERSION = YES;
				CLANG_WARN_COMMA = YES;
				CLANG_WARN_CONSTANT_CONVERSION = YES;
				CLANG_WARN_DIRECT_OBJC_ISA_USAGE = YES_ERROR;
				CLANG_WARN_DOCUMENTATION_COMMENTS = YES;
				CLANG_WARN_EMPTY_BODY = YES;
				CLANG_WARN_ENUM_CONVERSION = YES;
				CLANG_WARN_INFINITE_RECURSION = YES;
				CLANG_WARN_INT_CONVERSION = YES;
				CLANG_WARN_NON_LITERAL_NULL_CONVERSION = YES;
				CLANG_WARN_OBJC_LITERAL_CONVERSION = YES;
				CLANG_WARN_OBJC_ROOT_CLASS = YES_ERROR;
				CLANG_WARN_RANGE_LOOP_ANALYSIS = YES;
				CLANG_WARN_STRICT_PROTOTYPES = YES;
				CLANG_WARN_SUSPICIOUS_MOVE = YES;
				CLANG_WARN_UNGUARDED_AVAILABILITY = YES_AGGRESSIVE;
				CLANG_WARN_UNREACHABLE_CODE = YES;
				CLANG_WARN__DUPLICATE_METHOD_MATCH = YES;
				CODE_SIGN_IDENTITY = "iPhone Developer";
				COPY_PHASE_STRIP = NO;
				DEBUG_INFORMATION_FORMAT = "dwarf-with-dsym";
				ENABLE_NS_ASSERTIONS = NO;
				ENABLE_STRICT_OBJC_MSGSEND = YES;
				GCC_C_LANGUAGE_STANDARD = gnu11;
				GCC_NO_COMMON_BLOCKS = YES;
				GCC_WARN_64_TO_32_BIT_CONVERSION = YES;
				GCC_WARN_ABOUT_RETURN_TYPE = YES_ERROR;
				GCC_WARN_UNDECLARED_SELECTOR = YES;
				GCC_WARN_UNINITIALIZED_AUTOS = YES_AGGRESSIVE;
				GCC_WARN_UNUSED_FUNCTION = YES;
				GCC_WARN_UNUSED_VARIABLE = YES;
				IPHONEOS_DEPLOYMENT_TARGET = 11.2;
				MTL_ENABLE_DEBUG_INFO = NO;
				SDKROOT = iphoneos;
				SWIFT_OPTIMIZATION_LEVEL = "-Owholemodule";
				VALIDATE_PRODUCT = YES;
			};
			name = Release;
		};
		F80F40B121A5173D00D166CB /* Debug */ = {
			isa = XCBuildConfiguration;
			buildSettings = {
				ASSETCATALOG_COMPILER_APPICON_NAME = AppIcon;
				CODE_SIGN_STYLE = Automatic;
				INFOPLIST_FILE = LandmarkNY/Info.plist;
				LD_RUNPATH_SEARCH_PATHS = "$(inherited) @executable_path/Frameworks";
				PRODUCT_BUNDLE_IDENTIFIER = edu.nyu.cs.LandmarkNY;
				PRODUCT_NAME = "$(TARGET_NAME)";
				SWIFT_VERSION = 4.2;
				TARGETED_DEVICE_FAMILY = "1,2";
			};
			name = Debug;
		};
		F80F40B221A5173D00D166CB /* Release */ = {
			isa = XCBuildConfiguration;
			buildSettings = {
				ASSETCATALOG_COMPILER_APPICON_NAME = AppIcon;
				CODE_SIGN_STYLE = Automatic;
				INFOPLIST_FILE = LandmarkNY/Info.plist;
				LD_RUNPATH_SEARCH_PATHS = "$(inherited) @executable_path/Frameworks";
				PRODUCT_BUNDLE_IDENTIFIER = edu.nyu.cs.LandmarkNY;
				PRODUCT_NAME = "$(TARGET_NAME)";
				SWIFT_VERSION = 4.2;
				TARGETED_DEVICE_FAMILY = "1,2";
			};
			name = Release;
		};
/* End XCBuildConfiguration section */

/* Begin XCConfigurationList section */
		F80F409921A5173D00D166CB /* Build configuration list for PBXProject "LandmarkNY" */ = {
			isa = XCConfigurationList;
			buildConfigurations = (
				F80F40AE21A5173D00D166CB /* Debug */,
				F80F40AF21A5173D00D166CB /* Release */,
			);
			defaultConfigurationIsVisible = 0;
			defaultConfigurationName = Release;
		};
		F80F40B021A5173D00D166CB /* Build configuration list for PBXNativeTarget "LandmarkNY" */ = {
			isa = XCConfigurationList;
			buildConfigurations = (
				F80F40B121A5173D00D166CB /* Debug */,
				F80F40B221A5173D00D166CB /* Release */,
			);
			defaultConfigurationIsVisible = 0;
			defaultConfigurationName = Release;
		};
/* End XCConfigurationList section */
	};
	rootObject = F80F409621A5173D00D166CB /* Project object */;
}
